// !$*UTF8*$!
{
	archiveVersion = 1;
	classes = {
	};
	objectVersion = 46;
	objects = {

/* Begin PBXBuildFile section */
		A030166F1851235500C15082 /* macaddrinfo.c in Sources */ = {isa = PBXBuildFile; fileRef = A01CB2AF184D4CCB002235BF /* macaddrinfo.c */; };
		A030167E1851475D00C15082 /* netcalc.c in Sources */ = {isa = PBXBuildFile; fileRef = A03016701851474100C15082 /* netcalc.c */; };
		A03EDDD214E093BF00F3EF24 /* endian.c in Sources */ = {isa = PBXBuildFile; fileRef = A03EDDD114E093BF00F3EF24 /* endian.c */; };
		A0F63DC9125A526400E27781 /* bindump.c in Sources */ = {isa = PBXBuildFile; fileRef = A0F63CBC125A49F500E27781 /* bindump.c */; };
		A0F63DCA125A526A00E27781 /* bitcopy.c in Sources */ = {isa = PBXBuildFile; fileRef = A0F63CBE125A49F500E27781 /* bitcopy.c */; };
		A0F63DCB125A527000E27781 /* bitops.c in Sources */ = {isa = PBXBuildFile; fileRef = A0F63CC0125A49F500E27781 /* bitops.c */; };
		A0F63DCC125A527600E27781 /* codetagger.c in Sources */ = {isa = PBXBuildFile; fileRef = A0F63CC2125A49F500E27781 /* codetagger.c */; };
		A0F63DCD125A527B00E27781 /* colors.c in Sources */ = {isa = PBXBuildFile; fileRef = A0F63CC4125A49F500E27781 /* colors.c */; };
		A0F63DCF125A528700E27781 /* numconvert.c in Sources */ = {isa = PBXBuildFile; fileRef = A0F63CC9125A49F500E27781 /* numconvert.c */; };
		A0F63DD0125A528E00E27781 /* posixregex.c in Sources */ = {isa = PBXBuildFile; fileRef = A0F63CCB125A49F500E27781 /* posixregex.c */; };
		A0F63DD1125A529300E27781 /* recurse.c in Sources */ = {isa = PBXBuildFile; fileRef = A0F63CCD125A49F500E27781 /* recurse.c */; };
		A0F63DD2125A529900E27781 /* suicide.c in Sources */ = {isa = PBXBuildFile; fileRef = A0F63CD0125A49F500E27781 /* suicide.c */; };
		A0F63DD3125A529F00E27781 /* typedef-info.c in Sources */ = {isa = PBXBuildFile; fileRef = A0F63CD4125A49F500E27781 /* typedef-info.c */; };
/* End PBXBuildFile section */

/* Begin PBXCopyFilesBuildPhase section */
		A03016641851234200C15082 /* CopyFiles */ = {
			isa = PBXCopyFilesBuildPhase;
			buildActionMask = 2147483647;
			dstPath = /usr/share/man/man1/;
			dstSubfolderSpec = 0;
			files = (
			);
			runOnlyForDeploymentPostprocessing = 1;
		};
		A03016731851474E00C15082 /* CopyFiles */ = {
			isa = PBXCopyFilesBuildPhase;
			buildActionMask = 2147483647;
			dstPath = /usr/share/man/man1/;
			dstSubfolderSpec = 0;
			files = (
			);
			runOnlyForDeploymentPostprocessing = 1;
		};
		A03EDDC414E093A100F3EF24 /* CopyFiles */ = {
			isa = PBXCopyFilesBuildPhase;
			buildActionMask = 2147483647;
			dstPath = /usr/share/man/man1/;
			dstSubfolderSpec = 0;
			files = (
			);
			runOnlyForDeploymentPostprocessing = 1;
		};
/* End PBXCopyFilesBuildPhase section */

/* Begin PBXFileReference section */
		A01CB2AE184D4AEA002235BF /* autogen.sh */ = {isa = PBXFileReference; lastKnownFileType = text.script.sh; path = autogen.sh; sourceTree = "<group>"; };
		A01CB2AF184D4CCB002235BF /* macaddrinfo.c */ = {isa = PBXFileReference; lastKnownFileType = sourcecode.c.c; path = macaddrinfo.c; sourceTree = "<group>"; };
		A01CB2BE184E73B8002235BF /* macaddrinfo.1.in */ = {isa = PBXFileReference; lastKnownFileType = text; path = macaddrinfo.1.in; sourceTree = "<group>"; };
		A03016661851234200C15082 /* macaddrinfo */ = {isa = PBXFileReference; explicitFileType = "compiled.mach-o.executable"; includeInIndex = 0; path = macaddrinfo; sourceTree = BUILT_PRODUCTS_DIR; };
		A03016701851474100C15082 /* netcalc.c */ = {isa = PBXFileReference; lastKnownFileType = sourcecode.c.c; path = netcalc.c; sourceTree = "<group>"; };
		A03016751851474E00C15082 /* netcalc */ = {isa = PBXFileReference; explicitFileType = "compiled.mach-o.executable"; includeInIndex = 0; path = netcalc; sourceTree = BUILT_PRODUCTS_DIR; };
		A03EDDC614E093A100F3EF24 /* endian */ = {isa = PBXFileReference; explicitFileType = "compiled.mach-o.executable"; includeInIndex = 0; path = endian; sourceTree = BUILT_PRODUCTS_DIR; };
		A03EDDD114E093BF00F3EF24 /* endian.c */ = {isa = PBXFileReference; fileEncoding = 4; lastKnownFileType = sourcecode.c.c; path = endian.c; sourceTree = "<group>"; };
		A0F63C96125A49F400E27781 /* acinclude.m4 */ = {isa = PBXFileReference; explicitFileType = text.script; fileEncoding = 4; path = acinclude.m4; sourceTree = "<group>"; };
		A0F63C98125A49F400E27781 /* AUTHORS */ = {isa = PBXFileReference; fileEncoding = 4; lastKnownFileType = text; path = AUTHORS; sourceTree = "<group>"; };
		A0F63C9B125A49F400E27781 /* Makefile-xcode */ = {isa = PBXFileReference; explicitFileType = sourcecode.make; fileEncoding = 4; path = "Makefile-xcode"; sourceTree = "<group>"; };
		A0F63CA0125A49F500E27781 /* dmstools.tags */ = {isa = PBXFileReference; fileEncoding = 4; lastKnownFileType = text; path = dmstools.tags; sourceTree = "<group>"; };
		A0F63CA6125A49F500E27781 /* ChangeLog */ = {isa = PBXFileReference; fileEncoding = 4; lastKnownFileType = text; path = ChangeLog; sourceTree = "<group>"; };
		A0F63CA7125A49F500E27781 /* configure.ac */ = {isa = PBXFileReference; explicitFileType = text.script; fileEncoding = 4; path = configure.ac; sourceTree = "<group>"; };
		A0F63CA8125A49F500E27781 /* COPYING */ = {isa = PBXFileReference; fileEncoding = 4; lastKnownFileType = text; path = COPYING; sourceTree = "<group>"; };
		A0F63CAC125A49F500E27781 /* bindump.1.in */ = {isa = PBXFileReference; fileEncoding = 4; lastKnownFileType = text; path = bindump.1.in; sourceTree = "<group>"; };
		A0F63CAD125A49F500E27781 /* bitops.1.in */ = {isa = PBXFileReference; fileEncoding = 4; lastKnownFileType = text; path = bitops.1.in; sourceTree = "<group>"; };
		A0F63CAE125A49F500E27781 /* codetagger.1.in */ = {isa = PBXFileReference; fileEncoding = 4; lastKnownFileType = text; path = codetagger.1.in; sourceTree = "<group>"; };
		A0F63CAF125A49F500E27781 /* numconvert.1.in */ = {isa = PBXFileReference; fileEncoding = 4; lastKnownFileType = text; path = numconvert.1.in; sourceTree = "<group>"; };
		A0F63CB0125A49F500E27781 /* posixregex.1.in */ = {isa = PBXFileReference; fileEncoding = 4; lastKnownFileType = text; path = posixregex.1.in; sourceTree = "<group>"; };
		A0F63CB2125A49F500E27781 /* dms.h */ = {isa = PBXFileReference; fileEncoding = 4; lastKnownFileType = sourcecode.c.h; path = dms.h; sourceTree = "<group>"; };
		A0F63CB3125A49F500E27781 /* dmsversion.h.in */ = {isa = PBXFileReference; explicitFileType = sourcecode.c.h; fileEncoding = 4; path = dmsversion.h.in; sourceTree = "<group>"; };
		A0F63CB4125A49F500E27781 /* Makefile.am */ = {isa = PBXFileReference; explicitFileType = sourcecode.make; fileEncoding = 4; indentWidth = 8; path = Makefile.am; sourceTree = "<group>"; tabWidth = 8; usesTabs = 1; };
		A0F63CB5125A49F500E27781 /* NEWS */ = {isa = PBXFileReference; fileEncoding = 4; lastKnownFileType = text; path = NEWS; sourceTree = "<group>"; };
		A0F63CB6125A49F500E27781 /* README */ = {isa = PBXFileReference; fileEncoding = 4; lastKnownFileType = text; path = README; sourceTree = "<group>"; };
		A0F63CBC125A49F500E27781 /* bindump.c */ = {isa = PBXFileReference; fileEncoding = 4; lastKnownFileType = sourcecode.c.c; path = bindump.c; sourceTree = "<group>"; };
		A0F63CBE125A49F500E27781 /* bitcopy.c */ = {isa = PBXFileReference; fileEncoding = 4; lastKnownFileType = sourcecode.c.c; path = bitcopy.c; sourceTree = "<group>"; };
		A0F63CC0125A49F500E27781 /* bitops.c */ = {isa = PBXFileReference; fileEncoding = 4; lastKnownFileType = sourcecode.c.c; path = bitops.c; sourceTree = "<group>"; };
		A0F63CC2125A49F500E27781 /* codetagger.c */ = {isa = PBXFileReference; fileEncoding = 4; lastKnownFileType = sourcecode.c.c; path = codetagger.c; sourceTree = "<group>"; };
		A0F63CC4125A49F500E27781 /* colors.c */ = {isa = PBXFileReference; fileEncoding = 4; lastKnownFileType = sourcecode.c.c; path = colors.c; sourceTree = "<group>"; };
		A0F63CC6125A49F500E27781 /* common.h */ = {isa = PBXFileReference; fileEncoding = 4; lastKnownFileType = sourcecode.c.h; path = common.h; sourceTree = "<group>"; };
		A0F63CC7125A49F500E27781 /* dmsversion.c */ = {isa = PBXFileReference; fileEncoding = 4; lastKnownFileType = sourcecode.c.c; path = dmsversion.c; sourceTree = "<group>"; };
		A0F63CC9125A49F500E27781 /* numconvert.c */ = {isa = PBXFileReference; fileEncoding = 4; lastKnownFileType = sourcecode.c.c; path = numconvert.c; sourceTree = "<group>"; };
		A0F63CCB125A49F500E27781 /* posixregex.c */ = {isa = PBXFileReference; fileEncoding = 4; lastKnownFileType = sourcecode.c.c; path = posixregex.c; sourceTree = "<group>"; };
		A0F63CCD125A49F500E27781 /* recurse.c */ = {isa = PBXFileReference; fileEncoding = 4; lastKnownFileType = sourcecode.c.c; path = recurse.c; sourceTree = "<group>"; };
		A0F63CD0125A49F500E27781 /* suicide.c */ = {isa = PBXFileReference; fileEncoding = 4; lastKnownFileType = sourcecode.c.c; path = suicide.c; sourceTree = "<group>"; };
		A0F63CD4125A49F500E27781 /* typedef-info.c */ = {isa = PBXFileReference; fileEncoding = 4; lastKnownFileType = sourcecode.c.c; path = "typedef-info.c"; sourceTree = "<group>"; };
		A0F63CD6125A49F500E27781 /* TODO */ = {isa = PBXFileReference; fileEncoding = 4; lastKnownFileType = text; path = TODO; sourceTree = "<group>"; };
		A0F63D7F125A51D700E27781 /* bindump */ = {isa = PBXFileReference; explicitFileType = "compiled.mach-o.executable"; includeInIndex = 0; path = bindump; sourceTree = BUILT_PRODUCTS_DIR; };
		A0F63D86125A51E300E27781 /* bitcopy */ = {isa = PBXFileReference; explicitFileType = "compiled.mach-o.executable"; includeInIndex = 0; path = bitcopy; sourceTree = BUILT_PRODUCTS_DIR; };
		A0F63D8D125A51EC00E27781 /* bitops */ = {isa = PBXFileReference; explicitFileType = "compiled.mach-o.executable"; includeInIndex = 0; path = bitops; sourceTree = BUILT_PRODUCTS_DIR; };
		A0F63D94125A51F600E27781 /* codetagger */ = {isa = PBXFileReference; explicitFileType = "compiled.mach-o.executable"; includeInIndex = 0; path = codetagger; sourceTree = BUILT_PRODUCTS_DIR; };
		A0F63D9B125A520500E27781 /* colors */ = {isa = PBXFileReference; explicitFileType = "compiled.mach-o.executable"; includeInIndex = 0; path = colors; sourceTree = BUILT_PRODUCTS_DIR; };
		A0F63DA9125A521B00E27781 /* numconvert */ = {isa = PBXFileReference; explicitFileType = "compiled.mach-o.executable"; includeInIndex = 0; path = numconvert; sourceTree = BUILT_PRODUCTS_DIR; };
		A0F63DB0125A522D00E27781 /* posixregex */ = {isa = PBXFileReference; explicitFileType = "compiled.mach-o.executable"; includeInIndex = 0; path = posixregex; sourceTree = BUILT_PRODUCTS_DIR; };
		A0F63DB7125A523700E27781 /* recurse */ = {isa = PBXFileReference; explicitFileType = "compiled.mach-o.executable"; includeInIndex = 0; path = recurse; sourceTree = BUILT_PRODUCTS_DIR; };
		A0F63DBE125A524100E27781 /* suicide */ = {isa = PBXFileReference; explicitFileType = "compiled.mach-o.executable"; includeInIndex = 0; path = suicide; sourceTree = BUILT_PRODUCTS_DIR; };
		A0F63DC5125A525000E27781 /* typedef-info */ = {isa = PBXFileReference; explicitFileType = "compiled.mach-o.executable"; includeInIndex = 0; path = "typedef-info"; sourceTree = BUILT_PRODUCTS_DIR; };
/* End PBXFileReference section */

/* Begin PBXFrameworksBuildPhase section */
		A03016631851234200C15082 /* Frameworks */ = {
			isa = PBXFrameworksBuildPhase;
			buildActionMask = 2147483647;
			files = (
			);
			runOnlyForDeploymentPostprocessing = 0;
		};
		A03016721851474E00C15082 /* Frameworks */ = {
			isa = PBXFrameworksBuildPhase;
			buildActionMask = 2147483647;
			files = (
			);
			runOnlyForDeploymentPostprocessing = 0;
		};
		A03EDDC314E093A100F3EF24 /* Frameworks */ = {
			isa = PBXFrameworksBuildPhase;
			buildActionMask = 2147483647;
			files = (
			);
			runOnlyForDeploymentPostprocessing = 0;
		};
		A0F63D7D125A51D700E27781 /* Frameworks */ = {
			isa = PBXFrameworksBuildPhase;
			buildActionMask = 2147483647;
			files = (
			);
			runOnlyForDeploymentPostprocessing = 0;
		};
		A0F63D84125A51E300E27781 /* Frameworks */ = {
			isa = PBXFrameworksBuildPhase;
			buildActionMask = 2147483647;
			files = (
			);
			runOnlyForDeploymentPostprocessing = 0;
		};
		A0F63D8B125A51EC00E27781 /* Frameworks */ = {
			isa = PBXFrameworksBuildPhase;
			buildActionMask = 2147483647;
			files = (
			);
			runOnlyForDeploymentPostprocessing = 0;
		};
		A0F63D92125A51F600E27781 /* Frameworks */ = {
			isa = PBXFrameworksBuildPhase;
			buildActionMask = 2147483647;
			files = (
			);
			runOnlyForDeploymentPostprocessing = 0;
		};
		A0F63D99125A520500E27781 /* Frameworks */ = {
			isa = PBXFrameworksBuildPhase;
			buildActionMask = 2147483647;
			files = (
			);
			runOnlyForDeploymentPostprocessing = 0;
		};
		A0F63DA7125A521B00E27781 /* Frameworks */ = {
			isa = PBXFrameworksBuildPhase;
			buildActionMask = 2147483647;
			files = (
			);
			runOnlyForDeploymentPostprocessing = 0;
		};
		A0F63DAE125A522D00E27781 /* Frameworks */ = {
			isa = PBXFrameworksBuildPhase;
			buildActionMask = 2147483647;
			files = (
			);
			runOnlyForDeploymentPostprocessing = 0;
		};
		A0F63DB5125A523700E27781 /* Frameworks */ = {
			isa = PBXFrameworksBuildPhase;
			buildActionMask = 2147483647;
			files = (
			);
			runOnlyForDeploymentPostprocessing = 0;
		};
		A0F63DBC125A524100E27781 /* Frameworks */ = {
			isa = PBXFrameworksBuildPhase;
			buildActionMask = 2147483647;
			files = (
			);
			runOnlyForDeploymentPostprocessing = 0;
		};
		A0F63DC3125A525000E27781 /* Frameworks */ = {
			isa = PBXFrameworksBuildPhase;
			buildActionMask = 2147483647;
			files = (
			);
			runOnlyForDeploymentPostprocessing = 0;
		};
/* End PBXFrameworksBuildPhase section */

/* Begin PBXGroup section */
		08FB7794FE84155DC02AAC07 /* dmstools */ = {
			isa = PBXGroup;
			children = (
				A0F63C96125A49F400E27781 /* acinclude.m4 */,
				A0F63C98125A49F400E27781 /* AUTHORS */,
				A01CB2AE184D4AEA002235BF /* autogen.sh */,
				A0F63CA6125A49F500E27781 /* ChangeLog */,
				A0F63CA7125A49F500E27781 /* configure.ac */,
				A0F63CA8125A49F500E27781 /* COPYING */,
				A0F63CB4125A49F500E27781 /* Makefile.am */,
				A0F63CB5125A49F500E27781 /* NEWS */,
				A0F63CB6125A49F500E27781 /* README */,
				A0F63CD6125A49F500E27781 /* TODO */,
				A0F63C99125A49F400E27781 /* build-aux */,
				A0F63CAA125A49F500E27781 /* doc */,
				A0F63CB1125A49F500E27781 /* include */,
				A0F63CB7125A49F500E27781 /* src */,
				1AB674ADFE9D54B511CA2CBB /* Products */,
			);
			name = dmstools;
			sourceTree = "<group>";
		};
		1AB674ADFE9D54B511CA2CBB /* Products */ = {
			isa = PBXGroup;
			children = (
				A0F63D7F125A51D700E27781 /* bindump */,
				A0F63D86125A51E300E27781 /* bitcopy */,
				A0F63D8D125A51EC00E27781 /* bitops */,
				A0F63D94125A51F600E27781 /* codetagger */,
				A0F63D9B125A520500E27781 /* colors */,
				A0F63DA9125A521B00E27781 /* numconvert */,
				A0F63DB0125A522D00E27781 /* posixregex */,
				A0F63DB7125A523700E27781 /* recurse */,
				A0F63DBE125A524100E27781 /* suicide */,
				A0F63DC5125A525000E27781 /* typedef-info */,
				A03EDDC614E093A100F3EF24 /* endian */,
				A03016661851234200C15082 /* macaddrinfo */,
				A03016751851474E00C15082 /* netcalc */,
			);
			name = Products;
			sourceTree = "<group>";
		};
		A0F63C99125A49F400E27781 /* build-aux */ = {
			isa = PBXGroup;
			children = (
				A0F63C9B125A49F400E27781 /* Makefile-xcode */,
				A0F63CA0125A49F500E27781 /* dmstools.tags */,
			);
			path = "build-aux";
			sourceTree = "<group>";
		};
		A0F63CAA125A49F500E27781 /* doc */ = {
			isa = PBXGroup;
			children = (
				A0F63CAC125A49F500E27781 /* bindump.1.in */,
				A0F63CAD125A49F500E27781 /* bitops.1.in */,
				A0F63CAE125A49F500E27781 /* codetagger.1.in */,
				A01CB2BE184E73B8002235BF /* macaddrinfo.1.in */,
				A0F63CAF125A49F500E27781 /* numconvert.1.in */,
				A0F63CB0125A49F500E27781 /* posixregex.1.in */,
			);
			path = doc;
			sourceTree = "<group>";
		};
		A0F63CB1125A49F500E27781 /* include */ = {
			isa = PBXGroup;
			children = (
				A0F63CB2125A49F500E27781 /* dms.h */,
				A0F63CB3125A49F500E27781 /* dmsversion.h.in */,
			);
			path = include;
			sourceTree = "<group>";
		};
		A0F63CB7125A49F500E27781 /* src */ = {
			isa = PBXGroup;
			children = (
				A0F63CBC125A49F500E27781 /* bindump.c */,
				A0F63CBE125A49F500E27781 /* bitcopy.c */,
				A0F63CC0125A49F500E27781 /* bitops.c */,
				A0F63CC2125A49F500E27781 /* codetagger.c */,
				A0F63CC4125A49F500E27781 /* colors.c */,
				A0F63CC6125A49F500E27781 /* common.h */,
				A0F63CC7125A49F500E27781 /* dmsversion.c */,
				A03EDDD114E093BF00F3EF24 /* endian.c */,
				A01CB2AF184D4CCB002235BF /* macaddrinfo.c */,
				A03016701851474100C15082 /* netcalc.c */,
				A0F63CC9125A49F500E27781 /* numconvert.c */,
				A0F63CCB125A49F500E27781 /* posixregex.c */,
				A0F63CCD125A49F500E27781 /* recurse.c */,
				A0F63CD0125A49F500E27781 /* suicide.c */,
				A0F63CD4125A49F500E27781 /* typedef-info.c */,
			);
			path = src;
			sourceTree = "<group>";
		};
/* End PBXGroup section */

/* Begin PBXNativeTarget section */
		A03016651851234200C15082 /* macaddrinfo */ = {
			isa = PBXNativeTarget;
			buildConfigurationList = A030166C1851234200C15082 /* Build configuration list for PBXNativeTarget "macaddrinfo" */;
			buildPhases = (
				A03016621851234200C15082 /* Sources */,
				A03016631851234200C15082 /* Frameworks */,
				A03016641851234200C15082 /* CopyFiles */,
			);
			buildRules = (
			);
			dependencies = (
			);
			name = macaddrinfo;
			productName = macaddrinfo;
			productReference = A03016661851234200C15082 /* macaddrinfo */;
			productType = "com.apple.product-type.tool";
		};
		A03016741851474E00C15082 /* netcalc */ = {
			isa = PBXNativeTarget;
			buildConfigurationList = A030167B1851474F00C15082 /* Build configuration list for PBXNativeTarget "netcalc" */;
			buildPhases = (
				A03016711851474E00C15082 /* Sources */,
				A03016721851474E00C15082 /* Frameworks */,
				A03016731851474E00C15082 /* CopyFiles */,
			);
			buildRules = (
			);
			dependencies = (
			);
			name = netcalc;
			productName = netcalc;
			productReference = A03016751851474E00C15082 /* netcalc */;
			productType = "com.apple.product-type.tool";
		};
		A03EDDC514E093A100F3EF24 /* endian */ = {
			isa = PBXNativeTarget;
			buildConfigurationList = A03EDDCF14E093A100F3EF24 /* Build configuration list for PBXNativeTarget "endian" */;
			buildPhases = (
				A03EDDC214E093A100F3EF24 /* Sources */,
				A03EDDC314E093A100F3EF24 /* Frameworks */,
				A03EDDC414E093A100F3EF24 /* CopyFiles */,
			);
			buildRules = (
			);
			dependencies = (
			);
			name = endian;
			productName = endian;
			productReference = A03EDDC614E093A100F3EF24 /* endian */;
			productType = "com.apple.product-type.tool";
		};
		A0F63D7E125A51D700E27781 /* bindump */ = {
			isa = PBXNativeTarget;
			buildConfigurationList = A0F63DEC125A52C900E27781 /* Build configuration list for PBXNativeTarget "bindump" */;
			buildPhases = (
				A0F63D7C125A51D700E27781 /* Sources */,
				A0F63D7D125A51D700E27781 /* Frameworks */,
			);
			buildRules = (
			);
			dependencies = (
			);
			name = bindump;
			productName = bindump;
			productReference = A0F63D7F125A51D700E27781 /* bindump */;
			productType = "com.apple.product-type.tool";
		};
		A0F63D85125A51E300E27781 /* bitcopy */ = {
			isa = PBXNativeTarget;
			buildConfigurationList = A0F63DED125A52C900E27781 /* Build configuration list for PBXNativeTarget "bitcopy" */;
			buildPhases = (
				A0F63D83125A51E300E27781 /* Sources */,
				A0F63D84125A51E300E27781 /* Frameworks */,
			);
			buildRules = (
			);
			dependencies = (
			);
			name = bitcopy;
			productName = bitcopy;
			productReference = A0F63D86125A51E300E27781 /* bitcopy */;
			productType = "com.apple.product-type.tool";
		};
		A0F63D8C125A51EC00E27781 /* bitops */ = {
			isa = PBXNativeTarget;
			buildConfigurationList = A0F63DEE125A52C900E27781 /* Build configuration list for PBXNativeTarget "bitops" */;
			buildPhases = (
				A0F63D8A125A51EC00E27781 /* Sources */,
				A0F63D8B125A51EC00E27781 /* Frameworks */,
			);
			buildRules = (
			);
			dependencies = (
			);
			name = bitops;
			productName = bitops;
			productReference = A0F63D8D125A51EC00E27781 /* bitops */;
			productType = "com.apple.product-type.tool";
		};
		A0F63D93125A51F600E27781 /* codetagger */ = {
			isa = PBXNativeTarget;
			buildConfigurationList = A0F63DEF125A52C900E27781 /* Build configuration list for PBXNativeTarget "codetagger" */;
			buildPhases = (
				A0F63D91125A51F600E27781 /* Sources */,
				A0F63D92125A51F600E27781 /* Frameworks */,
			);
			buildRules = (
			);
			dependencies = (
			);
			name = codetagger;
			productName = codetagger;
			productReference = A0F63D94125A51F600E27781 /* codetagger */;
			productType = "com.apple.product-type.tool";
		};
		A0F63D9A125A520500E27781 /* colors */ = {
			isa = PBXNativeTarget;
			buildConfigurationList = A0F63DF0125A52C900E27781 /* Build configuration list for PBXNativeTarget "colors" */;
			buildPhases = (
				A0F63D98125A520500E27781 /* Sources */,
				A0F63D99125A520500E27781 /* Frameworks */,
			);
			buildRules = (
			);
			dependencies = (
			);
			name = colors;
			productName = colors;
			productReference = A0F63D9B125A520500E27781 /* colors */;
			productType = "com.apple.product-type.tool";
		};
		A0F63DA8125A521B00E27781 /* numconvert */ = {
			isa = PBXNativeTarget;
			buildConfigurationList = A0F63DF2125A52C900E27781 /* Build configuration list for PBXNativeTarget "numconvert" */;
			buildPhases = (
				A0F63DA6125A521B00E27781 /* Sources */,
				A0F63DA7125A521B00E27781 /* Frameworks */,
			);
			buildRules = (
			);
			dependencies = (
			);
			name = numconvert;
			productName = numconvert;
			productReference = A0F63DA9125A521B00E27781 /* numconvert */;
			productType = "com.apple.product-type.tool";
		};
		A0F63DAF125A522D00E27781 /* posixregex */ = {
			isa = PBXNativeTarget;
			buildConfigurationList = A0F63DF3125A52C900E27781 /* Build configuration list for PBXNativeTarget "posixregex" */;
			buildPhases = (
				A0F63DAD125A522D00E27781 /* Sources */,
				A0F63DAE125A522D00E27781 /* Frameworks */,
			);
			buildRules = (
			);
			dependencies = (
			);
			name = posixregex;
			productName = posixregex;
			productReference = A0F63DB0125A522D00E27781 /* posixregex */;
			productType = "com.apple.product-type.tool";
		};
		A0F63DB6125A523700E27781 /* recurse */ = {
			isa = PBXNativeTarget;
			buildConfigurationList = A0F63DF4125A52C900E27781 /* Build configuration list for PBXNativeTarget "recurse" */;
			buildPhases = (
				A0F63DB4125A523700E27781 /* Sources */,
				A0F63DB5125A523700E27781 /* Frameworks */,
			);
			buildRules = (
			);
			dependencies = (
			);
			name = recurse;
			productName = recurse;
			productReference = A0F63DB7125A523700E27781 /* recurse */;
			productType = "com.apple.product-type.tool";
		};
		A0F63DBD125A524100E27781 /* suicide */ = {
			isa = PBXNativeTarget;
			buildConfigurationList = A0F63DF5125A52C900E27781 /* Build configuration list for PBXNativeTarget "suicide" */;
			buildPhases = (
				A0F63DBB125A524100E27781 /* Sources */,
				A0F63DBC125A524100E27781 /* Frameworks */,
			);
			buildRules = (
			);
			dependencies = (
			);
			name = suicide;
			productName = suicide;
			productReference = A0F63DBE125A524100E27781 /* suicide */;
			productType = "com.apple.product-type.tool";
		};
		A0F63DC4125A525000E27781 /* typedef-info */ = {
			isa = PBXNativeTarget;
			buildConfigurationList = A0F63DF6125A52C900E27781 /* Build configuration list for PBXNativeTarget "typedef-info" */;
			buildPhases = (
				A0F63DC2125A525000E27781 /* Sources */,
				A0F63DC3125A525000E27781 /* Frameworks */,
			);
			buildRules = (
			);
			dependencies = (
			);
			name = "typedef-info";
			productName = "typedef-info";
			productReference = A0F63DC5125A525000E27781 /* typedef-info */;
			productType = "com.apple.product-type.tool";
		};
/* End PBXNativeTarget section */

/* Begin PBXProject section */
		08FB7793FE84155DC02AAC07 /* Project object */ = {
			isa = PBXProject;
			attributes = {
				LastUpgradeCheck = 1250;
			};
			buildConfigurationList = 1DEB928908733DD80010E9CD /* Build configuration list for PBXProject "dmstools" */;
			compatibilityVersion = "Xcode 3.2";
			developmentRegion = English;
			hasScannedForEncodings = 1;
			knownRegions = (
				English,
				Japanese,
				French,
				German,
			);
			mainGroup = 08FB7794FE84155DC02AAC07 /* dmstools */;
			projectDirPath = "";
			projectRoot = "";
			targets = (
				A0F63D7E125A51D700E27781 /* bindump */,
				A0F63D85125A51E300E27781 /* bitcopy */,
				A0F63D8C125A51EC00E27781 /* bitops */,
				A0F63D93125A51F600E27781 /* codetagger */,
				A0F63D9A125A520500E27781 /* colors */,
				A03EDDC514E093A100F3EF24 /* endian */,
				A03016651851234200C15082 /* macaddrinfo */,
				A03016741851474E00C15082 /* netcalc */,
				A0F63DA8125A521B00E27781 /* numconvert */,
				A0F63DAF125A522D00E27781 /* posixregex */,
				A0F63DB6125A523700E27781 /* recurse */,
				A0F63DBD125A524100E27781 /* suicide */,
				A0F63DC4125A525000E27781 /* typedef-info */,
			);
		};
/* End PBXProject section */

/* Begin PBXSourcesBuildPhase section */
		A03016621851234200C15082 /* Sources */ = {
			isa = PBXSourcesBuildPhase;
			buildActionMask = 2147483647;
			files = (
				A030166F1851235500C15082 /* macaddrinfo.c in Sources */,
			);
			runOnlyForDeploymentPostprocessing = 0;
		};
		A03016711851474E00C15082 /* Sources */ = {
			isa = PBXSourcesBuildPhase;
			buildActionMask = 2147483647;
			files = (
				A030167E1851475D00C15082 /* netcalc.c in Sources */,
			);
			runOnlyForDeploymentPostprocessing = 0;
		};
		A03EDDC214E093A100F3EF24 /* Sources */ = {
			isa = PBXSourcesBuildPhase;
			buildActionMask = 2147483647;
			files = (
				A03EDDD214E093BF00F3EF24 /* endian.c in Sources */,
			);
			runOnlyForDeploymentPostprocessing = 0;
		};
		A0F63D7C125A51D700E27781 /* Sources */ = {
			isa = PBXSourcesBuildPhase;
			buildActionMask = 2147483647;
			files = (
				A0F63DC9125A526400E27781 /* bindump.c in Sources */,
			);
			runOnlyForDeploymentPostprocessing = 0;
		};
		A0F63D83125A51E300E27781 /* Sources */ = {
			isa = PBXSourcesBuildPhase;
			buildActionMask = 2147483647;
			files = (
				A0F63DCA125A526A00E27781 /* bitcopy.c in Sources */,
			);
			runOnlyForDeploymentPostprocessing = 0;
		};
		A0F63D8A125A51EC00E27781 /* Sources */ = {
			isa = PBXSourcesBuildPhase;
			buildActionMask = 2147483647;
			files = (
				A0F63DCB125A527000E27781 /* bitops.c in Sources */,
			);
			runOnlyForDeploymentPostprocessing = 0;
		};
		A0F63D91125A51F600E27781 /* Sources */ = {
			isa = PBXSourcesBuildPhase;
			buildActionMask = 2147483647;
			files = (
				A0F63DCC125A527600E27781 /* codetagger.c in Sources */,
			);
			runOnlyForDeploymentPostprocessing = 0;
		};
		A0F63D98125A520500E27781 /* Sources */ = {
			isa = PBXSourcesBuildPhase;
			buildActionMask = 2147483647;
			files = (
				A0F63DCD125A527B00E27781 /* colors.c in Sources */,
			);
			runOnlyForDeploymentPostprocessing = 0;
		};
		A0F63DA6125A521B00E27781 /* Sources */ = {
			isa = PBXSourcesBuildPhase;
			buildActionMask = 2147483647;
			files = (
				A0F63DCF125A528700E27781 /* numconvert.c in Sources */,
			);
			runOnlyForDeploymentPostprocessing = 0;
		};
		A0F63DAD125A522D00E27781 /* Sources */ = {
			isa = PBXSourcesBuildPhase;
			buildActionMask = 2147483647;
			files = (
				A0F63DD0125A528E00E27781 /* posixregex.c in Sources */,
			);
			runOnlyForDeploymentPostprocessing = 0;
		};
		A0F63DB4125A523700E27781 /* Sources */ = {
			isa = PBXSourcesBuildPhase;
			buildActionMask = 2147483647;
			files = (
				A0F63DD1125A529300E27781 /* recurse.c in Sources */,
			);
			runOnlyForDeploymentPostprocessing = 0;
		};
		A0F63DBB125A524100E27781 /* Sources */ = {
			isa = PBXSourcesBuildPhase;
			buildActionMask = 2147483647;
			files = (
				A0F63DD2125A529900E27781 /* suicide.c in Sources */,
			);
			runOnlyForDeploymentPostprocessing = 0;
		};
		A0F63DC2125A525000E27781 /* Sources */ = {
			isa = PBXSourcesBuildPhase;
			buildActionMask = 2147483647;
			files = (
				A0F63DD3125A529F00E27781 /* typedef-info.c in Sources */,
			);
			runOnlyForDeploymentPostprocessing = 0;
		};
/* End PBXSourcesBuildPhase section */

/* Begin XCBuildConfiguration section */
		1DEB928A08733DD80010E9CD /* Debug */ = {
			isa = XCBuildConfiguration;
			buildSettings = {
				CLANG_ANALYZER_LOCALIZABILITY_NONLOCALIZED = YES;
				CLANG_WARN_BLOCK_CAPTURE_AUTORELEASING = YES;
				CLANG_WARN_BOOL_CONVERSION = YES;
				CLANG_WARN_COMMA = YES;
				CLANG_WARN_CONSTANT_CONVERSION = YES;
				CLANG_WARN_DEPRECATED_OBJC_IMPLEMENTATIONS = YES;
				CLANG_WARN_EMPTY_BODY = YES;
				CLANG_WARN_ENUM_CONVERSION = YES;
				CLANG_WARN_INFINITE_RECURSION = YES;
				CLANG_WARN_INT_CONVERSION = YES;
				CLANG_WARN_NON_LITERAL_NULL_CONVERSION = YES;
				CLANG_WARN_OBJC_IMPLICIT_RETAIN_SELF = YES;
				CLANG_WARN_OBJC_LITERAL_CONVERSION = YES;
				CLANG_WARN_QUOTED_INCLUDE_IN_FRAMEWORK_HEADER = YES;
				CLANG_WARN_RANGE_LOOP_ANALYSIS = YES;
				CLANG_WARN_STRICT_PROTOTYPES = YES;
				CLANG_WARN_SUSPICIOUS_MOVE = YES;
				CLANG_WARN_UNREACHABLE_CODE = YES;
				CLANG_WARN__DUPLICATE_METHOD_MATCH = YES;
				ENABLE_STRICT_OBJC_MSGSEND = YES;
				ENABLE_TESTABILITY = YES;
				GCC_C_LANGUAGE_STANDARD = gnu99;
				GCC_NO_COMMON_BLOCKS = YES;
				GCC_OPTIMIZATION_LEVEL = 0;
				GCC_VERSION = com.apple.compilers.llvm.clang.1_0;
				GCC_WARN_64_TO_32_BIT_CONVERSION = YES;
				GCC_WARN_ABOUT_RETURN_TYPE = YES;
				GCC_WARN_UNDECLARED_SELECTOR = YES;
				GCC_WARN_UNINITIALIZED_AUTOS = YES;
				GCC_WARN_UNUSED_FUNCTION = YES;
				GCC_WARN_UNUSED_VARIABLE = YES;
				MACOSX_DEPLOYMENT_TARGET = 10.6;
				ONLY_ACTIVE_ARCH = YES;
				SDKROOT = macosx;
				USER_HEADER_SEARCH_PATHS = ../include;
			};
			name = Debug;
		};
		1DEB928B08733DD80010E9CD /* Release */ = {
			isa = XCBuildConfiguration;
			buildSettings = {
				CLANG_ANALYZER_LOCALIZABILITY_NONLOCALIZED = YES;
				CLANG_WARN_BLOCK_CAPTURE_AUTORELEASING = YES;
				CLANG_WARN_BOOL_CONVERSION = YES;
				CLANG_WARN_COMMA = YES;
				CLANG_WARN_CONSTANT_CONVERSION = YES;
				CLANG_WARN_DEPRECATED_OBJC_IMPLEMENTATIONS = YES;
				CLANG_WARN_EMPTY_BODY = YES;
				CLANG_WARN_ENUM_CONVERSION = YES;
				CLANG_WARN_INFINITE_RECURSION = YES;
				CLANG_WARN_INT_CONVERSION = YES;
				CLANG_WARN_NON_LITERAL_NULL_CONVERSION = YES;
				CLANG_WARN_OBJC_IMPLICIT_RETAIN_SELF = YES;
				CLANG_WARN_OBJC_LITERAL_CONVERSION = YES;
				CLANG_WARN_QUOTED_INCLUDE_IN_FRAMEWORK_HEADER = YES;
				CLANG_WARN_RANGE_LOOP_ANALYSIS = YES;
				CLANG_WARN_STRICT_PROTOTYPES = YES;
				CLANG_WARN_SUSPICIOUS_MOVE = YES;
				CLANG_WARN_UNREACHABLE_CODE = YES;
				CLANG_WARN__DUPLICATE_METHOD_MATCH = YES;
				ENABLE_STRICT_OBJC_MSGSEND = YES;
				GCC_C_LANGUAGE_STANDARD = gnu99;
				GCC_NO_COMMON_BLOCKS = YES;
				GCC_VERSION = com.apple.compilers.llvm.clang.1_0;
				GCC_WARN_64_TO_32_BIT_CONVERSION = YES;
				GCC_WARN_ABOUT_RETURN_TYPE = YES;
				GCC_WARN_UNDECLARED_SELECTOR = YES;
				GCC_WARN_UNINITIALIZED_AUTOS = YES;
				GCC_WARN_UNUSED_FUNCTION = YES;
				GCC_WARN_UNUSED_VARIABLE = YES;
				SDKROOT = macosx;
			};
			name = Release;
		};
		A030166D1851234200C15082 /* Debug */ = {
			isa = XCBuildConfiguration;
			buildSettings = {
				ALWAYS_SEARCH_USER_PATHS = NO;
				CLANG_CXX_LANGUAGE_STANDARD = "gnu++0x";
				CLANG_CXX_LIBRARY = "libc++";
				CLANG_ENABLE_OBJC_ARC = YES;
				CLANG_WARN_BOOL_CONVERSION = YES;
				CLANG_WARN_CONSTANT_CONVERSION = YES;
				CLANG_WARN_DIRECT_OBJC_ISA_USAGE = YES_ERROR;
				CLANG_WARN_EMPTY_BODY = YES;
				CLANG_WARN_ENUM_CONVERSION = YES;
				CLANG_WARN_INT_CONVERSION = YES;
				CLANG_WARN_OBJC_ROOT_CLASS = YES_ERROR;
				CLANG_WARN__DUPLICATE_METHOD_MATCH = YES;
				CODE_SIGN_IDENTITY = "-";
				COPY_PHASE_STRIP = NO;
				GCC_DYNAMIC_NO_PIC = NO;
				GCC_ENABLE_OBJC_EXCEPTIONS = YES;
				GCC_PREPROCESSOR_DEFINITIONS = (
					"DEBUG=1",
					"$(inherited)",
				);
				GCC_SYMBOLS_PRIVATE_EXTERN = NO;
				GCC_WARN_64_TO_32_BIT_CONVERSION = YES;
				GCC_WARN_ABOUT_RETURN_TYPE = YES_ERROR;
				GCC_WARN_UNDECLARED_SELECTOR = YES;
				GCC_WARN_UNINITIALIZED_AUTOS = YES;
				GCC_WARN_UNUSED_FUNCTION = YES;
				MACOSX_DEPLOYMENT_TARGET = 10.9;
				PRODUCT_NAME = "$(TARGET_NAME)";
			};
			name = Debug;
		};
		A030166E1851234200C15082 /* Release */ = {
			isa = XCBuildConfiguration;
			buildSettings = {
				ALWAYS_SEARCH_USER_PATHS = NO;
				CLANG_CXX_LANGUAGE_STANDARD = "gnu++0x";
				CLANG_CXX_LIBRARY = "libc++";
				CLANG_ENABLE_OBJC_ARC = YES;
				CLANG_WARN_BOOL_CONVERSION = YES;
				CLANG_WARN_CONSTANT_CONVERSION = YES;
				CLANG_WARN_DIRECT_OBJC_ISA_USAGE = YES_ERROR;
				CLANG_WARN_EMPTY_BODY = YES;
				CLANG_WARN_ENUM_CONVERSION = YES;
				CLANG_WARN_INT_CONVERSION = YES;
				CLANG_WARN_OBJC_ROOT_CLASS = YES_ERROR;
				CLANG_WARN__DUPLICATE_METHOD_MATCH = YES;
				CODE_SIGN_IDENTITY = "-";
				COPY_PHASE_STRIP = YES;
				DEBUG_INFORMATION_FORMAT = "dwarf-with-dsym";
				ENABLE_NS_ASSERTIONS = NO;
				GCC_ENABLE_OBJC_EXCEPTIONS = YES;
				GCC_WARN_64_TO_32_BIT_CONVERSION = YES;
				GCC_WARN_ABOUT_RETURN_TYPE = YES_ERROR;
				GCC_WARN_UNDECLARED_SELECTOR = YES;
				GCC_WARN_UNINITIALIZED_AUTOS = YES;
				GCC_WARN_UNUSED_FUNCTION = YES;
				MACOSX_DEPLOYMENT_TARGET = 10.9;
				PRODUCT_NAME = "$(TARGET_NAME)";
			};
			name = Release;
		};
		A030167C1851474F00C15082 /* Debug */ = {
			isa = XCBuildConfiguration;
			buildSettings = {
				ALWAYS_SEARCH_USER_PATHS = NO;
				CLANG_CXX_LANGUAGE_STANDARD = "gnu++0x";
				CLANG_CXX_LIBRARY = "libc++";
				CLANG_ENABLE_OBJC_ARC = YES;
				CLANG_WARN_BOOL_CONVERSION = YES;
				CLANG_WARN_CONSTANT_CONVERSION = YES;
				CLANG_WARN_DIRECT_OBJC_ISA_USAGE = YES_ERROR;
				CLANG_WARN_EMPTY_BODY = YES;
				CLANG_WARN_ENUM_CONVERSION = YES;
				CLANG_WARN_INT_CONVERSION = YES;
				CLANG_WARN_OBJC_ROOT_CLASS = YES_ERROR;
				CLANG_WARN__DUPLICATE_METHOD_MATCH = YES;
				CODE_SIGN_IDENTITY = "-";
				COPY_PHASE_STRIP = NO;
				GCC_DYNAMIC_NO_PIC = NO;
				GCC_ENABLE_OBJC_EXCEPTIONS = YES;
				GCC_PREPROCESSOR_DEFINITIONS = (
					"DEBUG=1",
					"$(inherited)",
				);
				GCC_SYMBOLS_PRIVATE_EXTERN = NO;
				GCC_WARN_64_TO_32_BIT_CONVERSION = YES;
				GCC_WARN_ABOUT_RETURN_TYPE = YES_ERROR;
				GCC_WARN_UNDECLARED_SELECTOR = YES;
				GCC_WARN_UNINITIALIZED_AUTOS = YES;
				GCC_WARN_UNUSED_FUNCTION = YES;
				MACOSX_DEPLOYMENT_TARGET = 10.9;
				PRODUCT_NAME = "$(TARGET_NAME)";
			};
			name = Debug;
		};
		A030167D1851474F00C15082 /* Release */ = {
			isa = XCBuildConfiguration;
			buildSettings = {
				ALWAYS_SEARCH_USER_PATHS = NO;
				CLANG_CXX_LANGUAGE_STANDARD = "gnu++0x";
				CLANG_CXX_LIBRARY = "libc++";
				CLANG_ENABLE_OBJC_ARC = YES;
				CLANG_WARN_BOOL_CONVERSION = YES;
				CLANG_WARN_CONSTANT_CONVERSION = YES;
				CLANG_WARN_DIRECT_OBJC_ISA_USAGE = YES_ERROR;
				CLANG_WARN_EMPTY_BODY = YES;
				CLANG_WARN_ENUM_CONVERSION = YES;
				CLANG_WARN_INT_CONVERSION = YES;
				CLANG_WARN_OBJC_ROOT_CLASS = YES_ERROR;
				CLANG_WARN__DUPLICATE_METHOD_MATCH = YES;
				CODE_SIGN_IDENTITY = "-";
				COPY_PHASE_STRIP = YES;
				DEBUG_INFORMATION_FORMAT = "dwarf-with-dsym";
				ENABLE_NS_ASSERTIONS = NO;
				GCC_ENABLE_OBJC_EXCEPTIONS = YES;
				GCC_WARN_64_TO_32_BIT_CONVERSION = YES;
				GCC_WARN_ABOUT_RETURN_TYPE = YES_ERROR;
				GCC_WARN_UNDECLARED_SELECTOR = YES;
				GCC_WARN_UNINITIALIZED_AUTOS = YES;
				GCC_WARN_UNUSED_FUNCTION = YES;
				MACOSX_DEPLOYMENT_TARGET = 10.9;
				PRODUCT_NAME = "$(TARGET_NAME)";
			};
			name = Release;
		};
		A03EDDCD14E093A100F3EF24 /* Debug */ = {
			isa = XCBuildConfiguration;
			buildSettings = {
				ALWAYS_SEARCH_USER_PATHS = NO;
				CLANG_ENABLE_OBJC_WEAK = YES;
				CODE_SIGN_IDENTITY = "-";
				COPY_PHASE_STRIP = NO;
				GCC_DYNAMIC_NO_PIC = NO;
				GCC_ENABLE_OBJC_EXCEPTIONS = YES;
				GCC_PREPROCESSOR_DEFINITIONS = (
					"DEBUG=1",
					"$(inherited)",
				);
				GCC_SYMBOLS_PRIVATE_EXTERN = NO;
				GCC_WARN_64_TO_32_BIT_CONVERSION = YES;
				GCC_WARN_ABOUT_MISSING_PROTOTYPES = YES;
				MACOSX_DEPLOYMENT_TARGET = 10.7;
				PRODUCT_NAME = "$(TARGET_NAME)";
			};
			name = Debug;
		};
		A03EDDCE14E093A100F3EF24 /* Release */ = {
			isa = XCBuildConfiguration;
			buildSettings = {
				ALWAYS_SEARCH_USER_PATHS = NO;
				CLANG_ENABLE_OBJC_WEAK = YES;
				CODE_SIGN_IDENTITY = "-";
				COPY_PHASE_STRIP = YES;
				DEBUG_INFORMATION_FORMAT = "dwarf-with-dsym";
				GCC_ENABLE_OBJC_EXCEPTIONS = YES;
				GCC_WARN_64_TO_32_BIT_CONVERSION = YES;
				GCC_WARN_ABOUT_MISSING_PROTOTYPES = YES;
				MACOSX_DEPLOYMENT_TARGET = 10.7;
				PRODUCT_NAME = "$(TARGET_NAME)";
			};
			name = Release;
		};
		A0F63D81125A51D700E27781 /* Debug */ = {
			isa = XCBuildConfiguration;
			buildSettings = {
				ALWAYS_SEARCH_USER_PATHS = NO;
				CLANG_ENABLE_OBJC_WEAK = YES;
				CODE_SIGN_IDENTITY = "-";
				COPY_PHASE_STRIP = NO;
				GCC_DYNAMIC_NO_PIC = NO;
				GCC_MODEL_TUNING = G5;
				GCC_OPTIMIZATION_LEVEL = 0;
				INSTALL_PATH = /usr/local/bin;
				PRODUCT_NAME = bindump;
			};
			name = Debug;
		};
		A0F63D82125A51D700E27781 /* Release */ = {
			isa = XCBuildConfiguration;
			buildSettings = {
				ALWAYS_SEARCH_USER_PATHS = NO;
				CLANG_ENABLE_OBJC_WEAK = YES;
				CODE_SIGN_IDENTITY = "-";
				COPY_PHASE_STRIP = YES;
				DEBUG_INFORMATION_FORMAT = "dwarf-with-dsym";
				GCC_MODEL_TUNING = G5;
				INSTALL_PATH = /usr/local/bin;
				PRODUCT_NAME = bindump;
				ZERO_LINK = NO;
			};
			name = Release;
		};
		A0F63D88125A51E300E27781 /* Debug */ = {
			isa = XCBuildConfiguration;
			buildSettings = {
				ALWAYS_SEARCH_USER_PATHS = NO;
				CLANG_ENABLE_OBJC_WEAK = YES;
				CODE_SIGN_IDENTITY = "-";
				COPY_PHASE_STRIP = NO;
				GCC_DYNAMIC_NO_PIC = NO;
				GCC_MODEL_TUNING = G5;
				GCC_OPTIMIZATION_LEVEL = 0;
				INSTALL_PATH = /usr/local/bin;
				PRODUCT_NAME = bitcopy;
			};
			name = Debug;
		};
		A0F63D89125A51E300E27781 /* Release */ = {
			isa = XCBuildConfiguration;
			buildSettings = {
				ALWAYS_SEARCH_USER_PATHS = NO;
				CLANG_ENABLE_OBJC_WEAK = YES;
				CODE_SIGN_IDENTITY = "-";
				COPY_PHASE_STRIP = YES;
				DEBUG_INFORMATION_FORMAT = "dwarf-with-dsym";
				GCC_MODEL_TUNING = G5;
				INSTALL_PATH = /usr/local/bin;
				PRODUCT_NAME = bitcopy;
				ZERO_LINK = NO;
			};
			name = Release;
		};
		A0F63D8F125A51EC00E27781 /* Debug */ = {
			isa = XCBuildConfiguration;
			buildSettings = {
				ALWAYS_SEARCH_USER_PATHS = NO;
				CLANG_ENABLE_OBJC_WEAK = YES;
				CODE_SIGN_IDENTITY = "-";
				COPY_PHASE_STRIP = NO;
				GCC_DYNAMIC_NO_PIC = NO;
				GCC_MODEL_TUNING = G5;
				GCC_OPTIMIZATION_LEVEL = 0;
				INSTALL_PATH = /usr/local/bin;
				PRODUCT_NAME = bitops;
			};
			name = Debug;
		};
		A0F63D90125A51EC00E27781 /* Release */ = {
			isa = XCBuildConfiguration;
			buildSettings = {
				ALWAYS_SEARCH_USER_PATHS = NO;
				CLANG_ENABLE_OBJC_WEAK = YES;
				CODE_SIGN_IDENTITY = "-";
				COPY_PHASE_STRIP = YES;
				DEBUG_INFORMATION_FORMAT = "dwarf-with-dsym";
				GCC_MODEL_TUNING = G5;
				INSTALL_PATH = /usr/local/bin;
				PRODUCT_NAME = bitops;
				ZERO_LINK = NO;
			};
			name = Release;
		};
		A0F63D96125A51F600E27781 /* Debug */ = {
			isa = XCBuildConfiguration;
			buildSettings = {
				ALWAYS_SEARCH_USER_PATHS = NO;
				CLANG_ENABLE_OBJC_WEAK = YES;
				CODE_SIGN_IDENTITY = "-";
				COPY_PHASE_STRIP = NO;
				GCC_DYNAMIC_NO_PIC = NO;
				GCC_MODEL_TUNING = G5;
				GCC_OPTIMIZATION_LEVEL = 0;
				INSTALL_PATH = /usr/local/bin;
				PRODUCT_NAME = codetagger;
			};
			name = Debug;
		};
		A0F63D97125A51F600E27781 /* Release */ = {
			isa = XCBuildConfiguration;
			buildSettings = {
				ALWAYS_SEARCH_USER_PATHS = NO;
				CLANG_ENABLE_OBJC_WEAK = YES;
				CODE_SIGN_IDENTITY = "-";
				COPY_PHASE_STRIP = YES;
				DEBUG_INFORMATION_FORMAT = "dwarf-with-dsym";
				GCC_MODEL_TUNING = G5;
				INSTALL_PATH = /usr/local/bin;
				PRODUCT_NAME = codetagger;
				ZERO_LINK = NO;
			};
			name = Release;
		};
		A0F63D9D125A520500E27781 /* Debug */ = {
			isa = XCBuildConfiguration;
			buildSettings = {
				ALWAYS_SEARCH_USER_PATHS = NO;
				CLANG_ENABLE_OBJC_WEAK = YES;
				CODE_SIGN_IDENTITY = "-";
				COPY_PHASE_STRIP = NO;
				GCC_DYNAMIC_NO_PIC = NO;
				GCC_MODEL_TUNING = G5;
				GCC_OPTIMIZATION_LEVEL = 0;
				INSTALL_PATH = /usr/local/bin;
				PRODUCT_NAME = colors;
			};
			name = Debug;
		};
		A0F63D9E125A520500E27781 /* Release */ = {
			isa = XCBuildConfiguration;
			buildSettings = {
				ALWAYS_SEARCH_USER_PATHS = NO;
				CLANG_ENABLE_OBJC_WEAK = YES;
				CODE_SIGN_IDENTITY = "-";
				COPY_PHASE_STRIP = YES;
				DEBUG_INFORMATION_FORMAT = "dwarf-with-dsym";
				GCC_MODEL_TUNING = G5;
				INSTALL_PATH = /usr/local/bin;
				PRODUCT_NAME = colors;
				ZERO_LINK = NO;
			};
			name = Release;
		};
		A0F63DAB125A521C00E27781 /* Debug */ = {
			isa = XCBuildConfiguration;
			buildSettings = {
				ALWAYS_SEARCH_USER_PATHS = NO;
				CLANG_ENABLE_OBJC_WEAK = YES;
				CODE_SIGN_IDENTITY = "-";
				COPY_PHASE_STRIP = NO;
				GCC_DYNAMIC_NO_PIC = NO;
				GCC_MODEL_TUNING = G5;
				GCC_OPTIMIZATION_LEVEL = 0;
				INSTALL_PATH = /usr/local/bin;
				PRODUCT_NAME = numconvert;
			};
			name = Debug;
		};
		A0F63DAC125A521C00E27781 /* Release */ = {
			isa = XCBuildConfiguration;
			buildSettings = {
				ALWAYS_SEARCH_USER_PATHS = NO;
				CLANG_ENABLE_OBJC_WEAK = YES;
				CODE_SIGN_IDENTITY = "-";
				COPY_PHASE_STRIP = YES;
				DEBUG_INFORMATION_FORMAT = "dwarf-with-dsym";
				GCC_MODEL_TUNING = G5;
				INSTALL_PATH = /usr/local/bin;
				PRODUCT_NAME = numconvert;
				ZERO_LINK = NO;
			};
			name = Release;
		};
		A0F63DB2125A522D00E27781 /* Debug */ = {
			isa = XCBuildConfiguration;
			buildSettings = {
				ALWAYS_SEARCH_USER_PATHS = NO;
				CLANG_ENABLE_OBJC_WEAK = YES;
				CODE_SIGN_IDENTITY = "-";
				COPY_PHASE_STRIP = NO;
				GCC_DYNAMIC_NO_PIC = NO;
				GCC_MODEL_TUNING = G5;
				GCC_OPTIMIZATION_LEVEL = 0;
				INSTALL_PATH = /usr/local/bin;
				PRODUCT_NAME = posixregex;
			};
			name = Debug;
		};
		A0F63DB3125A522D00E27781 /* Release */ = {
			isa = XCBuildConfiguration;
			buildSettings = {
				ALWAYS_SEARCH_USER_PATHS = NO;
				CLANG_ENABLE_OBJC_WEAK = YES;
				CODE_SIGN_IDENTITY = "-";
				COPY_PHASE_STRIP = YES;
				DEBUG_INFORMATION_FORMAT = "dwarf-with-dsym";
				GCC_MODEL_TUNING = G5;
				INSTALL_PATH = /usr/local/bin;
				PRODUCT_NAME = posixregex;
				ZERO_LINK = NO;
			};
			name = Release;
		};
		A0F63DB9125A523700E27781 /* Debug */ = {
			isa = XCBuildConfiguration;
			buildSettings = {
				ALWAYS_SEARCH_USER_PATHS = NO;
				CLANG_ENABLE_OBJC_WEAK = YES;
				CODE_SIGN_IDENTITY = "-";
				COPY_PHASE_STRIP = NO;
				GCC_DYNAMIC_NO_PIC = NO;
				GCC_MODEL_TUNING = G5;
				GCC_OPTIMIZATION_LEVEL = 0;
				INSTALL_PATH = /usr/local/bin;
				PRODUCT_NAME = recurse;
			};
			name = Debug;
		};
		A0F63DBA125A523700E27781 /* Release */ = {
			isa = XCBuildConfiguration;
			buildSettings = {
				ALWAYS_SEARCH_USER_PATHS = NO;
				CLANG_ENABLE_OBJC_WEAK = YES;
				CODE_SIGN_IDENTITY = "-";
				COPY_PHASE_STRIP = YES;
				DEBUG_INFORMATION_FORMAT = "dwarf-with-dsym";
				GCC_MODEL_TUNING = G5;
				INSTALL_PATH = /usr/local/bin;
				PRODUCT_NAME = recurse;
				ZERO_LINK = NO;
			};
			name = Release;
		};
		A0F63DC0125A524100E27781 /* Debug */ = {
			isa = XCBuildConfiguration;
			buildSettings = {
				ALWAYS_SEARCH_USER_PATHS = NO;
				CLANG_ENABLE_OBJC_WEAK = YES;
				CODE_SIGN_IDENTITY = "-";
				COPY_PHASE_STRIP = NO;
				GCC_DYNAMIC_NO_PIC = NO;
				GCC_MODEL_TUNING = G5;
				GCC_OPTIMIZATION_LEVEL = 0;
				INSTALL_PATH = /usr/local/bin;
				PRODUCT_NAME = suicide;
			};
			name = Debug;
		};
		A0F63DC1125A524100E27781 /* Release */ = {
			isa = XCBuildConfiguration;
			buildSettings = {
				ALWAYS_SEARCH_USER_PATHS = NO;
				CLANG_ENABLE_OBJC_WEAK = YES;
				CODE_SIGN_IDENTITY = "-";
				COPY_PHASE_STRIP = YES;
				DEBUG_INFORMATION_FORMAT = "dwarf-with-dsym";
				GCC_MODEL_TUNING = G5;
				INSTALL_PATH = /usr/local/bin;
				PRODUCT_NAME = suicide;
				ZERO_LINK = NO;
			};
			name = Release;
		};
		A0F63DC7125A525000E27781 /* Debug */ = {
			isa = XCBuildConfiguration;
			buildSettings = {
				ALWAYS_SEARCH_USER_PATHS = NO;
				CLANG_ENABLE_OBJC_WEAK = YES;
				CODE_SIGN_IDENTITY = "-";
				COPY_PHASE_STRIP = NO;
				GCC_DYNAMIC_NO_PIC = NO;
				GCC_MODEL_TUNING = G5;
				GCC_OPTIMIZATION_LEVEL = 0;
				INSTALL_PATH = /usr/local/bin;
				PRODUCT_NAME = "typedef-info";
			};
			name = Debug;
		};
		A0F63DC8125A525000E27781 /* Release */ = {
			isa = XCBuildConfiguration;
			buildSettings = {
				ALWAYS_SEARCH_USER_PATHS = NO;
				CLANG_ENABLE_OBJC_WEAK = YES;
				CODE_SIGN_IDENTITY = "-";
				COPY_PHASE_STRIP = YES;
				DEBUG_INFORMATION_FORMAT = "dwarf-with-dsym";
				GCC_MODEL_TUNING = G5;
				INSTALL_PATH = /usr/local/bin;
				PRODUCT_NAME = "typedef-info";
				ZERO_LINK = NO;
			};
			name = Release;
		};
/* End XCBuildConfiguration section */

/* Begin XCConfigurationList section */
		1DEB928908733DD80010E9CD /* Build configuration list for PBXProject "dmstools" */ = {
			isa = XCConfigurationList;
			buildConfigurations = (
				1DEB928A08733DD80010E9CD /* Debug */,
				1DEB928B08733DD80010E9CD /* Release */,
			);
			defaultConfigurationIsVisible = 0;
			defaultConfigurationName = Release;
		};
		A030166C1851234200C15082 /* Build configuration list for PBXNativeTarget "macaddrinfo" */ = {
			isa = XCConfigurationList;
			buildConfigurations = (
				A030166D1851234200C15082 /* Debug */,
				A030166E1851234200C15082 /* Release */,
			);
			defaultConfigurationIsVisible = 0;
			defaultConfigurationName = Release;
		};
		A030167B1851474F00C15082 /* Build configuration list for PBXNativeTarget "netcalc" */ = {
			isa = XCConfigurationList;
			buildConfigurations = (
				A030167C1851474F00C15082 /* Debug */,
				A030167D1851474F00C15082 /* Release */,
			);
			defaultConfigurationIsVisible = 0;
			defaultConfigurationName = Release;
		};
		A03EDDCF14E093A100F3EF24 /* Build configuration list for PBXNativeTarget "endian" */ = {
			isa = XCConfigurationList;
			buildConfigurations = (
				A03EDDCD14E093A100F3EF24 /* Debug */,
				A03EDDCE14E093A100F3EF24 /* Release */,
			);
			defaultConfigurationIsVisible = 0;
			defaultConfigurationName = Release;
		};
		A0F63DEC125A52C900E27781 /* Build configuration list for PBXNativeTarget "bindump" */ = {
			isa = XCConfigurationList;
			buildConfigurations = (
				A0F63D81125A51D700E27781 /* Debug */,
				A0F63D82125A51D700E27781 /* Release */,
			);
			defaultConfigurationIsVisible = 0;
			defaultConfigurationName = Release;
		};
		A0F63DED125A52C900E27781 /* Build configuration list for PBXNativeTarget "bitcopy" */ = {
			isa = XCConfigurationList;
			buildConfigurations = (
				A0F63D88125A51E300E27781 /* Debug */,
				A0F63D89125A51E300E27781 /* Release */,
			);
			defaultConfigurationIsVisible = 0;
			defaultConfigurationName = Release;
		};
		A0F63DEE125A52C900E27781 /* Build configuration list for PBXNativeTarget "bitops" */ = {
			isa = XCConfigurationList;
			buildConfigurations = (
				A0F63D8F125A51EC00E27781 /* Debug */,
				A0F63D90125A51EC00E27781 /* Release */,
			);
			defaultConfigurationIsVisible = 0;
			defaultConfigurationName = Release;
		};
		A0F63DEF125A52C900E27781 /* Build configuration list for PBXNativeTarget "codetagger" */ = {
			isa = XCConfigurationList;
			buildConfigurations = (
				A0F63D96125A51F600E27781 /* Debug */,
				A0F63D97125A51F600E27781 /* Release */,
			);
			defaultConfigurationIsVisible = 0;
			defaultConfigurationName = Release;
		};
		A0F63DF0125A52C900E27781 /* Build configuration list for PBXNativeTarget "colors" */ = {
			isa = XCConfigurationList;
			buildConfigurations = (
				A0F63D9D125A520500E27781 /* Debug */,
				A0F63D9E125A520500E27781 /* Release */,
			);
			defaultConfigurationIsVisible = 0;
			defaultConfigurationName = Release;
		};
		A0F63DF2125A52C900E27781 /* Build configuration list for PBXNativeTarget "numconvert" */ = {
			isa = XCConfigurationList;
			buildConfigurations = (
				A0F63DAB125A521C00E27781 /* Debug */,
				A0F63DAC125A521C00E27781 /* Release */,
			);
			defaultConfigurationIsVisible = 0;
			defaultConfigurationName = Release;
		};
		A0F63DF3125A52C900E27781 /* Build configuration list for PBXNativeTarget "posixregex" */ = {
			isa = XCConfigurationList;
			buildConfigurations = (
				A0F63DB2125A522D00E27781 /* Debug */,
				A0F63DB3125A522D00E27781 /* Release */,
			);
			defaultConfigurationIsVisible = 0;
			defaultConfigurationName = Release;
		};
		A0F63DF4125A52C900E27781 /* Build configuration list for PBXNativeTarget "recurse" */ = {
			isa = XCConfigurationList;
			buildConfigurations = (
				A0F63DB9125A523700E27781 /* Debug */,
				A0F63DBA125A523700E27781 /* Release */,
			);
			defaultConfigurationIsVisible = 0;
			defaultConfigurationName = Release;
		};
		A0F63DF5125A52C900E27781 /* Build configuration list for PBXNativeTarget "suicide" */ = {
			isa = XCConfigurationList;
			buildConfigurations = (
				A0F63DC0125A524100E27781 /* Debug */,
				A0F63DC1125A524100E27781 /* Release */,
			);
			defaultConfigurationIsVisible = 0;
			defaultConfigurationName = Release;
		};
		A0F63DF6125A52C900E27781 /* Build configuration list for PBXNativeTarget "typedef-info" */ = {
			isa = XCConfigurationList;
			buildConfigurations = (
				A0F63DC7125A525000E27781 /* Debug */,
				A0F63DC8125A525000E27781 /* Release */,
			);
			defaultConfigurationIsVisible = 0;
			defaultConfigurationName = Release;
		};
/* End XCConfigurationList section */
	};
	rootObject = 08FB7793FE84155DC02AAC07 /* Project object */;
}
