// !$*UTF8*$!
{
	archiveVersion = 1;
	classes = {
	};
	objectVersion = 45;
	objects = {

/* Begin PBXFileReference section */
		A004228B0E0E3C4200B0ED60 /* codetagger.c */ = {isa = PBXFileReference; fileEncoding = 4; lastKnownFileType = sourcecode.c.c; path = codetagger.c; sourceTree = "<group>"; };
		A004228C0E0E3C4200B0ED60 /* common.h */ = {isa = PBXFileReference; fileEncoding = 4; lastKnownFileType = sourcecode.c.h; path = common.h; sourceTree = "<group>"; };
		A004228D0E0E3C4200B0ED60 /* posixregex.c */ = {isa = PBXFileReference; fileEncoding = 4; lastKnownFileType = sourcecode.c.c; path = posixregex.c; sourceTree = "<group>"; };
		A007E66F0EB09C51008A1261 /* recurse.c */ = {isa = PBXFileReference; fileEncoding = 4; lastKnownFileType = sourcecode.c.c; path = recurse.c; sourceTree = "<group>"; };
		A02133F00E0E4C9C00336FDD /* acinclude.m4 */ = {isa = PBXFileReference; explicitFileType = text.script.sh; fileEncoding = 4; indentWidth = 8; path = acinclude.m4; sourceTree = "<group>"; tabWidth = 8; usesTabs = 1; };
		A02133F10E0E4CCE00336FDD /* AUTHORS */ = {isa = PBXFileReference; fileEncoding = 4; indentWidth = 8; lastKnownFileType = text; path = AUTHORS; sourceTree = "<group>"; tabWidth = 8; usesTabs = 1; };
		A02133F20E0E4CCE00336FDD /* ChangeLog */ = {isa = PBXFileReference; fileEncoding = 4; indentWidth = 8; lastKnownFileType = text; path = ChangeLog; sourceTree = "<group>"; tabWidth = 8; usesTabs = 1; };
		A02133F30E0E4CCE00336FDD /* configure.ac */ = {isa = PBXFileReference; explicitFileType = text.script.sh; fileEncoding = 4; indentWidth = 8; path = configure.ac; sourceTree = "<group>"; tabWidth = 8; usesTabs = 1; };
		A02133F40E0E4CCE00336FDD /* COPYING */ = {isa = PBXFileReference; fileEncoding = 4; indentWidth = 8; lastKnownFileType = text; path = COPYING; sourceTree = "<group>"; tabWidth = 8; usesTabs = 1; };
		A02133F50E0E4CCE00336FDD /* COPYING.DOC */ = {isa = PBXFileReference; fileEncoding = 4; indentWidth = 8; lastKnownFileType = text; path = COPYING.DOC; sourceTree = "<group>"; tabWidth = 8; usesTabs = 1; };
		A02133F60E0E4CCE00336FDD /* INSTALL */ = {isa = PBXFileReference; fileEncoding = 4; indentWidth = 8; lastKnownFileType = text; path = INSTALL; sourceTree = "<group>"; tabWidth = 8; usesTabs = 1; };
		A02133F70E0E4CCE00336FDD /* Makefile-xcode */ = {isa = PBXFileReference; explicitFileType = text.script.sh; fileEncoding = 4; indentWidth = 8; path = "Makefile-xcode"; sourceTree = "<group>"; tabWidth = 8; usesTabs = 1; };
		A02133F80E0E4CCE00336FDD /* NEWS */ = {isa = PBXFileReference; fileEncoding = 4; indentWidth = 8; lastKnownFileType = text; path = NEWS; sourceTree = "<group>"; tabWidth = 8; usesTabs = 1; };
		A02133F90E0E4CCE00336FDD /* README */ = {isa = PBXFileReference; fileEncoding = 4; indentWidth = 8; lastKnownFileType = text; path = README; sourceTree = "<group>"; tabWidth = 8; usesTabs = 1; };
		A02133FA0E0E4CCE00336FDD /* dmstools.tags */ = {isa = PBXFileReference; fileEncoding = 4; indentWidth = 8; lastKnownFileType = text; path = dmstools.tags; sourceTree = "<group>"; tabWidth = 8; usesTabs = 1; };
		A02133FB0E0E4CCE00336FDD /* TODO */ = {isa = PBXFileReference; fileEncoding = 4; indentWidth = 8; lastKnownFileType = text; path = TODO; sourceTree = "<group>"; tabWidth = 8; usesTabs = 1; };
		A02134D30E0E719000336FDD /* codetagger.1.in */ = {isa = PBXFileReference; explicitFileType = text.man; fileEncoding = 4; indentWidth = 8; path = codetagger.1.in; sourceTree = "<group>"; tabWidth = 8; usesTabs = 1; };
		A02135010E0E7C6200336FDD /* Doxyfile */ = {isa = PBXFileReference; fileEncoding = 4; lastKnownFileType = text; path = Doxyfile; sourceTree = "<group>"; };
		A03242690E0E453700D5D5CA /* Makefile.am */ = {isa = PBXFileReference; explicitFileType = text.script.sh; fileEncoding = 4; indentWidth = 8; path = Makefile.am; sourceTree = "<group>"; tabWidth = 8; usesTabs = 1; };
		A051283C10D987300013335E /* bitcopy.c */ = {isa = PBXFileReference; fileEncoding = 4; lastKnownFileType = sourcecode.c.c; path = bitcopy.c; sourceTree = "<group>"; };
		A07BC6F10F0210CF00219629 /* bitops.c */ = {isa = PBXFileReference; fileEncoding = 4; lastKnownFileType = sourcecode.c.c; path = bitops.c; sourceTree = "<group>"; };
		A0AE375510EAAA3C006B1ADB /* typedef-info.c */ = {isa = PBXFileReference; fileEncoding = 4; lastKnownFileType = sourcecode.c.c; path = "typedef-info.c"; sourceTree = "<group>"; };
		A0B6D45D1033A3BA004E87EE /* numconvert.c */ = {isa = PBXFileReference; fileEncoding = 4; lastKnownFileType = sourcecode.c.c; path = numconvert.c; sourceTree = "<group>"; };
		A0B6D4911033B0E0004E87EE /* POTFILES.in */ = {isa = PBXFileReference; fileEncoding = 4; lastKnownFileType = text; path = POTFILES.in; sourceTree = "<group>"; };
		A0C7059E10EFEFE4002DA805 /* Makevars */ = {isa = PBXFileReference; explicitFileType = text.script; fileEncoding = 4; path = Makevars; sourceTree = "<group>"; usesTabs = 1; };
		A0C705A710EFF101002DA805 /* LINGUAS */ = {isa = PBXFileReference; explicitFileType = text.script; fileEncoding = 4; path = LINGUAS; sourceTree = "<group>"; };
/* End PBXFileReference section */

/* Begin PBXGroup section */
		08FB7794FE84155DC02AAC07 /* DMS Tools and Utilities */ = {
			isa = PBXGroup;
			children = (
				A02133F00E0E4C9C00336FDD /* acinclude.m4 */,
				A02133F10E0E4CCE00336FDD /* AUTHORS */,
				A004229F0E0E3CC300B0ED60 /* build-aux */,
				A02133F20E0E4CCE00336FDD /* ChangeLog */,
				A02133F30E0E4CCE00336FDD /* configure.ac */,
				A02133F40E0E4CCE00336FDD /* COPYING */,
				A02133F50E0E4CCE00336FDD /* COPYING.DOC */,
				A02133FA0E0E4CCE00336FDD /* dmstools.tags */,
				A00422720E0E396B00B0ED60 /* doc */,
				A02133F60E0E4CCE00336FDD /* INSTALL */,
				A03242690E0E453700D5D5CA /* Makefile.am */,
				A02133F80E0E4CCE00336FDD /* NEWS */,
				A0B6D48F1033B0BD004E87EE /* po */,
				A02133F90E0E4CCE00336FDD /* README */,
				A00422710E0E396200B0ED60 /* src */,
				A02133FB0E0E4CCE00336FDD /* TODO */,
			);
			name = "DMS Tools and Utilities";
			sourceTree = "<group>";
		};
		A00422710E0E396200B0ED60 /* src */ = {
			isa = PBXGroup;
			children = (
				A051283C10D987300013335E /* bitcopy.c */,
				A07BC6F10F0210CF00219629 /* bitops.c */,
				A004228B0E0E3C4200B0ED60 /* codetagger.c */,
				A004228C0E0E3C4200B0ED60 /* common.h */,
				A0B6D45D1033A3BA004E87EE /* numconvert.c */,
				A004228D0E0E3C4200B0ED60 /* posixregex.c */,
				A007E66F0EB09C51008A1261 /* recurse.c */,
				A0AE375510EAAA3C006B1ADB /* typedef-info.c */,
			);
			path = src;
			sourceTree = "<group>";
		};
		A00422720E0E396B00B0ED60 /* doc */ = {
			isa = PBXGroup;
			children = (
				A02135010E0E7C6200336FDD /* Doxyfile */,
				A02134D30E0E719000336FDD /* codetagger.1.in */,
			);
			path = doc;
			sourceTree = "<group>";
		};
		A004229F0E0E3CC300B0ED60 /* build-aux */ = {
			isa = PBXGroup;
			children = (
				A02133F70E0E4CCE00336FDD /* Makefile-xcode */,
			);
			path = "build-aux";
			sourceTree = "<group>";
		};
		A0B6D48F1033B0BD004E87EE /* po */ = {
			isa = PBXGroup;
			children = (
				A0C705A710EFF101002DA805 /* LINGUAS */,
				A0C7059E10EFEFE4002DA805 /* Makevars */,
				A0B6D4911033B0E0004E87EE /* POTFILES.in */,
			);
			path = po;
			sourceTree = "<group>";
		};
/* End PBXGroup section */

/* Begin PBXLegacyTarget section */
		A02133B70E0E478400336FDD /* Makefile */ = {
			isa = PBXLegacyTarget;
			buildArgumentsString = "-f $(MAKEFILE) $(CONFIGURATION)";
			buildConfigurationList = A02133C20E0E47A700336FDD /* Build configuration list for PBXLegacyTarget "Makefile" */;
			buildPhases = (
			);
			buildToolPath = /usr/bin/make;
			buildWorkingDirectory = "";
			dependencies = (
			);
			name = Makefile;
			passBuildSettingsInEnvironment = 1;
			productName = Makefile;
		};
/* End PBXLegacyTarget section */

/* Begin PBXProject section */
		08FB7793FE84155DC02AAC07 /* Project object */ = {
			isa = PBXProject;
			buildConfigurationList = 1DEB919308733D9F0010E9CD /* Build configuration list for PBXProject "dmstools" */;
			compatibilityVersion = "Xcode 3.1";
			hasScannedForEncodings = 1;
			mainGroup = 08FB7794FE84155DC02AAC07 /* DMS Tools and Utilities */;
			projectDirPath = "";
			projectRoot = "";
			targets = (
				A02133B70E0E478400336FDD /* Makefile */,
			);
		};
/* End PBXProject section */

/* Begin XCBuildConfiguration section */
		1DEB919508733D9F0010E9CD /* all */ = {
			isa = XCBuildConfiguration;
			buildSettings = {
				DEBUG = NO;
				DISTCLEAN = NO;
				MAKEFILE = "build-aux/Makefile-xcode";
			};
			name = all;
		};
		A02133B90E0E478400336FDD /* all */ = {
			isa = XCBuildConfiguration;
			buildSettings = {
			};
			name = all;
		};
		A0751ECE106A9A8200F9D750 /* dist */ = {
			isa = XCBuildConfiguration;
			buildSettings = {
				DEBUG = NO;
				DISTCLEAN = NO;
				MAKEFILE = "build-aux/Makefile-xcode";
			};
			name = dist;
		};
		A0751ECF106A9A8200F9D750 /* dist */ = {
			isa = XCBuildConfiguration;
			buildSettings = {
			};
			name = dist;
		};
		A0751ED0106A9A8900F9D750 /* distcheck */ = {
			isa = XCBuildConfiguration;
			buildSettings = {
				DEBUG = NO;
				DISTCLEAN = NO;
				MAKEFILE = "build-aux/Makefile-xcode";
			};
			name = distcheck;
		};
		A0751ED1106A9A8900F9D750 /* distcheck */ = {
			isa = XCBuildConfiguration;
			buildSettings = {
			};
			name = distcheck;
		};
		A0751ED2106A9A8F00F9D750 /* distclean */ = {
			isa = XCBuildConfiguration;
			buildSettings = {
				DEBUG = NO;
				DISTCLEAN = NO;
				MAKEFILE = "build-aux/Makefile-xcode";
			};
			name = distclean;
		};
		A0751ED3106A9A8F00F9D750 /* distclean */ = {
			isa = XCBuildConfiguration;
			buildSettings = {
			};
			name = distclean;
		};
		A0751ED4106A9A9300F9D750 /* install */ = {
			isa = XCBuildConfiguration;
			buildSettings = {
				DEBUG = NO;
				DISTCLEAN = NO;
				MAKEFILE = "build-aux/Makefile-xcode";
			};
			name = install;
		};
		A0751ED5106A9A9300F9D750 /* install */ = {
			isa = XCBuildConfiguration;
			buildSettings = {
			};
			name = install;
		};
		A0751ED6106A9A9800F9D750 /* uninstall */ = {
			isa = XCBuildConfiguration;
			buildSettings = {
				DEBUG = NO;
				DISTCLEAN = NO;
				MAKEFILE = "build-aux/Makefile-xcode";
			};
			name = uninstall;
		};
		A0751ED7106A9A9800F9D750 /* uninstall */ = {
			isa = XCBuildConfiguration;
			buildSettings = {
			};
			name = uninstall;
		};
		A0751ED8106A9A9F00F9D750 /* autotools */ = {
			isa = XCBuildConfiguration;
			buildSettings = {
				DEBUG = NO;
				DISTCLEAN = NO;
				MAKEFILE = "build-aux/Makefile-xcode";
			};
			name = autotools;
		};
		A0751ED9106A9A9F00F9D750 /* autotools */ = {
			isa = XCBuildConfiguration;
			buildSettings = {
			};
			name = autotools;
		};
		A0751EEA106A9D7300F9D750 /* check */ = {
			isa = XCBuildConfiguration;
			buildSettings = {
				DEBUG = NO;
				DISTCLEAN = NO;
				MAKEFILE = "build-aux/Makefile-xcode";
			};
			name = check;
		};
		A0751EEB106A9D7300F9D750 /* check */ = {
			isa = XCBuildConfiguration;
			buildSettings = {
			};
			name = check;
		};
		A0751EEC106A9D8700F9D750 /* clean */ = {
			isa = XCBuildConfiguration;
			buildSettings = {
				DEBUG = NO;
				DISTCLEAN = NO;
				MAKEFILE = "build-aux/Makefile-xcode";
			};
			name = clean;
		};
		A0751EED106A9D8700F9D750 /* clean */ = {
			isa = XCBuildConfiguration;
			buildSettings = {
			};
			name = clean;
		};
/* End XCBuildConfiguration section */

/* Begin XCConfigurationList section */
		1DEB919308733D9F0010E9CD /* Build configuration list for PBXProject "dmstools" */ = {
			isa = XCConfigurationList;
			buildConfigurations = (
				A0751ED8106A9A9F00F9D750 /* autotools */,
				1DEB919508733D9F0010E9CD /* all */,
				A0751EEA106A9D7300F9D750 /* check */,
				A0751EEC106A9D8700F9D750 /* clean */,
				A0751ECE106A9A8200F9D750 /* dist */,
				A0751ED0106A9A8900F9D750 /* distcheck */,
				A0751ED2106A9A8F00F9D750 /* distclean */,
				A0751ED4106A9A9300F9D750 /* install */,
				A0751ED6106A9A9800F9D750 /* uninstall */,
			);
			defaultConfigurationIsVisible = 0;
			defaultConfigurationName = all;
		};
		A02133C20E0E47A700336FDD /* Build configuration list for PBXLegacyTarget "Makefile" */ = {
			isa = XCConfigurationList;
			buildConfigurations = (
				A0751ED9106A9A9F00F9D750 /* autotools */,
				A02133B90E0E478400336FDD /* all */,
				A0751EEB106A9D7300F9D750 /* check */,
				A0751EED106A9D8700F9D750 /* clean */,
				A0751ECF106A9A8200F9D750 /* dist */,
				A0751ED1106A9A8900F9D750 /* distcheck */,
				A0751ED3106A9A8F00F9D750 /* distclean */,
				A0751ED5106A9A9300F9D750 /* install */,
				A0751ED7106A9A9800F9D750 /* uninstall */,
			);
			defaultConfigurationIsVisible = 0;
			defaultConfigurationName = all;
		};
/* End XCConfigurationList section */
	};
	rootObject = 08FB7793FE84155DC02AAC07 /* Project object */;
}
